// !$*UTF8*$!
{
	archiveVersion = 1;
	classes = {
	};
	objectVersion = 56;
	objects = {

/* Begin PBXBuildFile section */
		9EA6ED852DCF7D9DCE3BD2D1 /* Pods_Maket.framework in Frameworks */ = {isa = PBXBuildFile; fileRef = 7DA7CD754AD6F55CDEA2014B /* Pods_Maket.framework */; };
		AC10203229EEDC390018AEAD /* User.swift in Sources */ = {isa = PBXBuildFile; fileRef = AC10203129EEDC390018AEAD /* User.swift */; };
		AC64E30529E564960069F974 /* MaketApp.swift in Sources */ = {isa = PBXBuildFile; fileRef = AC64E30429E564960069F974 /* MaketApp.swift */; };
		AC64E30729E564960069F974 /* ContentView.swift in Sources */ = {isa = PBXBuildFile; fileRef = AC64E30629E564960069F974 /* ContentView.swift */; };
		AC64E30929E564970069F974 /* Assets.xcassets in Resources */ = {isa = PBXBuildFile; fileRef = AC64E30829E564970069F974 /* Assets.xcassets */; };
		AC64E30C29E564970069F974 /* Preview Assets.xcassets in Resources */ = {isa = PBXBuildFile; fileRef = AC64E30B29E564970069F974 /* Preview Assets.xcassets */; };
		AC64E31329E5A4FF0069F974 /* WelcomBackView.swift in Sources */ = {isa = PBXBuildFile; fileRef = AC64E31229E5A4FF0069F974 /* WelcomBackView.swift */; };
		ACD51F9429E6DD83000BE080 /* ProfileView.swift in Sources */ = {isa = PBXBuildFile; fileRef = ACD51F9329E6DD83000BE080 /* ProfileView.swift */; };
		ACD51F9629E6FA1B000BE080 /* ProducktProfileView.swift in Sources */ = {isa = PBXBuildFile; fileRef = ACD51F9529E6FA1B000BE080 /* ProducktProfileView.swift */; };
/* End PBXBuildFile section */

/* Begin PBXFileReference section */
		20B130F7411430F69B09C0B9 /* Pods-Maket.release.xcconfig */ = {isa = PBXFileReference; includeInIndex = 1; lastKnownFileType = text.xcconfig; name = "Pods-Maket.release.xcconfig"; path = "Target Support Files/Pods-Maket/Pods-Maket.release.xcconfig"; sourceTree = "<group>"; };
		7DA7CD754AD6F55CDEA2014B /* Pods_Maket.framework */ = {isa = PBXFileReference; explicitFileType = wrapper.framework; includeInIndex = 0; path = Pods_Maket.framework; sourceTree = BUILT_PRODUCTS_DIR; };
		AC10203129EEDC390018AEAD /* User.swift */ = {isa = PBXFileReference; lastKnownFileType = sourcecode.swift; path = User.swift; sourceTree = "<group>"; };
		AC64E30129E564960069F974 /* Maket.app */ = {isa = PBXFileReference; explicitFileType = wrapper.application; includeInIndex = 0; path = Maket.app; sourceTree = BUILT_PRODUCTS_DIR; };
		AC64E30429E564960069F974 /* MaketApp.swift */ = {isa = PBXFileReference; lastKnownFileType = sourcecode.swift; path = MaketApp.swift; sourceTree = "<group>"; };
		AC64E30629E564960069F974 /* ContentView.swift */ = {isa = PBXFileReference; lastKnownFileType = sourcecode.swift; path = ContentView.swift; sourceTree = "<group>"; };
		AC64E30829E564970069F974 /* Assets.xcassets */ = {isa = PBXFileReference; lastKnownFileType = folder.assetcatalog; path = Assets.xcassets; sourceTree = "<group>"; };
		AC64E30B29E564970069F974 /* Preview Assets.xcassets */ = {isa = PBXFileReference; lastKnownFileType = folder.assetcatalog; path = "Preview Assets.xcassets"; sourceTree = "<group>"; };
		AC64E31229E5A4FF0069F974 /* WelcomBackView.swift */ = {isa = PBXFileReference; lastKnownFileType = sourcecode.swift; path = WelcomBackView.swift; sourceTree = "<group>"; };
		ACD51F9329E6DD83000BE080 /* ProfileView.swift */ = {isa = PBXFileReference; lastKnownFileType = sourcecode.swift; path = ProfileView.swift; sourceTree = "<group>"; };
		ACD51F9529E6FA1B000BE080 /* ProducktProfileView.swift */ = {isa = PBXFileReference; lastKnownFileType = sourcecode.swift; path = ProducktProfileView.swift; sourceTree = "<group>"; };
		FA09CE8B92DA482C65570C72 /* Pods-Maket.debug.xcconfig */ = {isa = PBXFileReference; includeInIndex = 1; lastKnownFileType = text.xcconfig; name = "Pods-Maket.debug.xcconfig"; path = "Target Support Files/Pods-Maket/Pods-Maket.debug.xcconfig"; sourceTree = "<group>"; };
/* End PBXFileReference section */

/* Begin PBXFrameworksBuildPhase section */
		AC64E2FE29E564960069F974 /* Frameworks */ = {
			isa = PBXFrameworksBuildPhase;
			buildActionMask = 2147483647;
			files = (
				9EA6ED852DCF7D9DCE3BD2D1 /* Pods_Maket.framework in Frameworks */,
			);
			runOnlyForDeploymentPostprocessing = 0;
		};
/* End PBXFrameworksBuildPhase section */

/* Begin PBXGroup section */
		AC64E2F829E564960069F974 = {
			isa = PBXGroup;
			children = (
				AC64E30329E564960069F974 /* Maket */,
				AC64E30229E564960069F974 /* Products */,
				EBB39B556D4E6B8262A9B0FB /* Pods */,
				CFE1856A91E01BE133A121C4 /* Frameworks */,
			);
			sourceTree = "<group>";
		};
		AC64E30229E564960069F974 /* Products */ = {
			isa = PBXGroup;
			children = (
				AC64E30129E564960069F974 /* Maket.app */,
			);
			name = Products;
			sourceTree = "<group>";
		};
		AC64E30329E564960069F974 /* Maket */ = {
			isa = PBXGroup;
			children = (
				AC64E30429E564960069F974 /* MaketApp.swift */,
				AC64E30629E564960069F974 /* ContentView.swift */,
				AC64E31229E5A4FF0069F974 /* WelcomBackView.swift */,
				ACD51F9329E6DD83000BE080 /* ProfileView.swift */,
				ACD51F9529E6FA1B000BE080 /* ProducktProfileView.swift */,
				AC64E30829E564970069F974 /* Assets.xcassets */,
				AC64E30A29E564970069F974 /* Preview Content */,
				AC10203129EEDC390018AEAD /* User.swift */,
			);
			path = Maket;
			sourceTree = "<group>";
		};
		AC64E30A29E564970069F974 /* Preview Content */ = {
			isa = PBXGroup;
			children = (
				AC64E30B29E564970069F974 /* Preview Assets.xcassets */,
			);
			path = "Preview Content";
			sourceTree = "<group>";
		};
		CFE1856A91E01BE133A121C4 /* Frameworks */ = {
			isa = PBXGroup;
			children = (
				7DA7CD754AD6F55CDEA2014B /* Pods_Maket.framework */,
			);
			name = Frameworks;
			sourceTree = "<group>";
		};
		EBB39B556D4E6B8262A9B0FB /* Pods */ = {
			isa = PBXGroup;
			children = (
				FA09CE8B92DA482C65570C72 /* Pods-Maket.debug.xcconfig */,
				20B130F7411430F69B09C0B9 /* Pods-Maket.release.xcconfig */,
			);
			path = Pods;
			sourceTree = "<group>";
		};
/* End PBXGroup section */

/* Begin PBXNativeTarget section */
		AC64E30029E564960069F974 /* Maket */ = {
			isa = PBXNativeTarget;
			buildConfigurationList = AC64E30F29E564970069F974 /* Build configuration list for PBXNativeTarget "Maket" */;
			buildPhases = (
				4C72EEE2E87EC0E0B6B9504C /* [CP] Check Pods Manifest.lock */,
				AC64E2FD29E564960069F974 /* Sources */,
				AC64E2FE29E564960069F974 /* Frameworks */,
				AC64E2FF29E564960069F974 /* Resources */,
				CA07B63AE81B256F0435463C /* [CP] Embed Pods Frameworks */,
			);
			buildRules = (
			);
			dependencies = (
			);
			name = Maket;
			productName = Maket;
			productReference = AC64E30129E564960069F974 /* Maket.app */;
			productType = "com.apple.product-type.application";
		};
/* End PBXNativeTarget section */

/* Begin PBXProject section */
		AC64E2F929E564960069F974 /* Project object */ = {
			isa = PBXProject;
			attributes = {
				BuildIndependentTargetsInParallel = 1;
				LastSwiftUpdateCheck = 1420;
				LastUpgradeCheck = 1420;
				TargetAttributes = {
					AC64E30029E564960069F974 = {
						CreatedOnToolsVersion = 14.2;
					};
				};
			};
			buildConfigurationList = AC64E2FC29E564960069F974 /* Build configuration list for PBXProject "Maket" */;
			compatibilityVersion = "Xcode 14.0";
			developmentRegion = en;
			hasScannedForEncodings = 0;
			knownRegions = (
				en,
				Base,
			);
			mainGroup = AC64E2F829E564960069F974;
			productRefGroup = AC64E30229E564960069F974 /* Products */;
			projectDirPath = "";
			projectRoot = "";
			targets = (
				AC64E30029E564960069F974 /* Maket */,
			);
		};
/* End PBXProject section */

/* Begin PBXResourcesBuildPhase section */
		AC64E2FF29E564960069F974 /* Resources */ = {
			isa = PBXResourcesBuildPhase;
			buildActionMask = 2147483647;
			files = (
				AC64E30C29E564970069F974 /* Preview Assets.xcassets in Resources */,
				AC64E30929E564970069F974 /* Assets.xcassets in Resources */,
			);
			runOnlyForDeploymentPostprocessing = 0;
		};
/* End PBXResourcesBuildPhase section */

/* Begin PBXShellScriptBuildPhase section */
		4C72EEE2E87EC0E0B6B9504C /* [CP] Check Pods Manifest.lock */ = {
			isa = PBXShellScriptBuildPhase;
			buildActionMask = 2147483647;
			files = (
			);
			inputFileListPaths = (
			);
			inputPaths = (
				"${PODS_PODFILE_DIR_PATH}/Podfile.lock",
				"${PODS_ROOT}/Manifest.lock",
			);
			name = "[CP] Check Pods Manifest.lock";
			outputFileListPaths = (
			);
			outputPaths = (
				"$(DERIVED_FILE_DIR)/Pods-Maket-checkManifestLockResult.txt",
			);
			runOnlyForDeploymentPostprocessing = 0;
			shellPath = /bin/sh;
			shellScript = "diff \"${PODS_PODFILE_DIR_PATH}/Podfile.lock\" \"${PODS_ROOT}/Manifest.lock\" > /dev/null\nif [ $? != 0 ] ; then\n    # print error to STDERR\n    echo \"error: The sandbox is not in sync with the Podfile.lock. Run 'pod install' or update your CocoaPods installation.\" >&2\n    exit 1\nfi\n# This output is used by Xcode 'outputs' to avoid re-running this script phase.\necho \"SUCCESS\" > \"${SCRIPT_OUTPUT_FILE_0}\"\n";
			showEnvVarsInLog = 0;
		};
		CA07B63AE81B256F0435463C /* [CP] Embed Pods Frameworks */ = {
			isa = PBXShellScriptBuildPhase;
			buildActionMask = 2147483647;
			files = (
			);
			inputFileListPaths = (
				"${PODS_ROOT}/Target Support Files/Pods-Maket/Pods-Maket-frameworks-${CONFIGURATION}-input-files.xcfilelist",
			);
			name = "[CP] Embed Pods Frameworks";
			outputFileListPaths = (
				"${PODS_ROOT}/Target Support Files/Pods-Maket/Pods-Maket-frameworks-${CONFIGURATION}-output-files.xcfilelist",
			);
			runOnlyForDeploymentPostprocessing = 0;
			shellPath = /bin/sh;
			shellScript = "\"${PODS_ROOT}/Target Support Files/Pods-Maket/Pods-Maket-frameworks.sh\"\n";
			showEnvVarsInLog = 0;
		};
/* End PBXShellScriptBuildPhase section */

/* Begin PBXSourcesBuildPhase section */
		AC64E2FD29E564960069F974 /* Sources */ = {
			isa = PBXSourcesBuildPhase;
			buildActionMask = 2147483647;
			files = (
				ACD51F9429E6DD83000BE080 /* ProfileView.swift in Sources */,
				AC64E31329E5A4FF0069F974 /* WelcomBackView.swift in Sources */,
				AC10203229EEDC390018AEAD /* User.swift in Sources */,
				ACD51F9629E6FA1B000BE080 /* ProducktProfileView.swift in Sources */,
				AC64E30729E564960069F974 /* ContentView.swift in Sources */,
				AC64E30529E564960069F974 /* MaketApp.swift in Sources */,
			);
			runOnlyForDeploymentPostprocessing = 0;
		};
/* End PBXSourcesBuildPhase section */

/* Begin XCBuildConfiguration section */
		AC64E30D29E564970069F974 /* Debug */ = {
			isa = XCBuildConfiguration;
			buildSettings = {
				ALWAYS_SEARCH_USER_PATHS = NO;
				CLANG_ANALYZER_NONNULL = YES;
				CLANG_ANALYZER_NUMBER_OBJECT_CONVERSION = YES_AGGRESSIVE;
				CLANG_CXX_LANGUAGE_STANDARD = "gnu++20";
				CLANG_ENABLE_MODULES = YES;
				CLANG_ENABLE_OBJC_ARC = YES;
				CLANG_ENABLE_OBJC_WEAK = YES;
				CLANG_WARN_BLOCK_CAPTURE_AUTORELEASING = YES;
				CLANG_WARN_BOOL_CONVERSION = YES;
				CLANG_WARN_COMMA = YES;
				CLANG_WARN_CONSTANT_CONVERSION = YES;
				CLANG_WARN_DEPRECATED_OBJC_IMPLEMENTATIONS = YES;
				CLANG_WARN_DIRECT_OBJC_ISA_USAGE = YES_ERROR;
				CLANG_WARN_DOCUMENTATION_COMMENTS = YES;
				CLANG_WARN_EMPTY_BODY = YES;
				CLANG_WARN_ENUM_CONVERSION = YES;
				CLANG_WARN_INFINITE_RECURSION = YES;
				CLANG_WARN_INT_CONVERSION = YES;
				CLANG_WARN_NON_LITERAL_NULL_CONVERSION = YES;
				CLANG_WARN_OBJC_IMPLICIT_RETAIN_SELF = YES;
				CLANG_WARN_OBJC_LITERAL_CONVERSION = YES;
				CLANG_WARN_OBJC_ROOT_CLASS = YES_ERROR;
				CLANG_WARN_QUOTED_INCLUDE_IN_FRAMEWORK_HEADER = YES;
				CLANG_WARN_RANGE_LOOP_ANALYSIS = YES;
				CLANG_WARN_STRICT_PROTOTYPES = YES;
				CLANG_WARN_SUSPICIOUS_MOVE = YES;
				CLANG_WARN_UNGUARDED_AVAILABILITY = YES_AGGRESSIVE;
				CLANG_WARN_UNREACHABLE_CODE = YES;
				CLANG_WARN__DUPLICATE_METHOD_MATCH = YES;
				COPY_PHASE_STRIP = NO;
				DEBUG_INFORMATION_FORMAT = dwarf;
				ENABLE_STRICT_OBJC_MSGSEND = YES;
				ENABLE_TESTABILITY = YES;
				GCC_C_LANGUAGE_STANDARD = gnu11;
				GCC_DYNAMIC_NO_PIC = NO;
				GCC_NO_COMMON_BLOCKS = YES;
				GCC_OPTIMIZATION_LEVEL = 0;
				GCC_PREPROCESSOR_DEFINITIONS = (
					"DEBUG=1",
					"$(inherited)",
				);
				GCC_WARN_64_TO_32_BIT_CONVERSION = YES;
				GCC_WARN_ABOUT_RETURN_TYPE = YES_ERROR;
				GCC_WARN_UNDECLARED_SELECTOR = YES;
				GCC_WARN_UNINITIALIZED_AUTOS = YES_AGGRESSIVE;
				GCC_WARN_UNUSED_FUNCTION = YES;
				GCC_WARN_UNUSED_VARIABLE = YES;
				IPHONEOS_DEPLOYMENT_TARGET = 16.2;
				MTL_ENABLE_DEBUG_INFO = INCLUDE_SOURCE;
				MTL_FAST_MATH = YES;
				ONLY_ACTIVE_ARCH = YES;
				SDKROOT = iphoneos;
				SWIFT_ACTIVE_COMPILATION_CONDITIONS = DEBUG;
				SWIFT_OPTIMIZATION_LEVEL = "-Onone";
			};
			name = Debug;
		};
		AC64E30E29E564970069F974 /* Release */ = {
			isa = XCBuildConfiguration;
			buildSettings = {
				ALWAYS_SEARCH_USER_PATHS = NO;
				CLANG_ANALYZER_NONNULL = YES;
				CLANG_ANALYZER_NUMBER_OBJECT_CONVERSION = YES_AGGRESSIVE;
				CLANG_CXX_LANGUAGE_STANDARD = "gnu++20";
				CLANG_ENABLE_MODULES = YES;
				CLANG_ENABLE_OBJC_ARC = YES;
				CLANG_ENABLE_OBJC_WEAK = YES;
				CLANG_WARN_BLOCK_CAPTURE_AUTORELEASING = YES;
				CLANG_WARN_BOOL_CONVERSION = YES;
				CLANG_WARN_COMMA = YES;
				CLANG_WARN_CONSTANT_CONVERSION = YES;
				CLANG_WARN_DEPRECATED_OBJC_IMPLEMENTATIONS = YES;
				CLANG_WARN_DIRECT_OBJC_ISA_USAGE = YES_ERROR;
				CLANG_WARN_DOCUMENTATION_COMMENTS = YES;
				CLANG_WARN_EMPTY_BODY = YES;
				CLANG_WARN_ENUM_CONVERSION = YES;
				CLANG_WARN_INFINITE_RECURSION = YES;
				CLANG_WARN_INT_CONVERSION = YES;
				CLANG_WARN_NON_LITERAL_NULL_CONVERSION = YES;
				CLANG_WARN_OBJC_IMPLICIT_RETAIN_SELF = YES;
				CLANG_WARN_OBJC_LITERAL_CONVERSION = YES;
				CLANG_WARN_OBJC_ROOT_CLASS = YES_ERROR;
				CLANG_WARN_QUOTED_INCLUDE_IN_FRAMEWORK_HEADER = YES;
				CLANG_WARN_RANGE_LOOP_ANALYSIS = YES;
				CLANG_WARN_STRICT_PROTOTYPES = YES;
				CLANG_WARN_SUSPICIOUS_MOVE = YES;
				CLANG_WARN_UNGUARDED_AVAILABILITY = YES_AGGRESSIVE;
				CLANG_WARN_UNREACHABLE_CODE = YES;
				CLANG_WARN__DUPLICATE_METHOD_MATCH = YES;
				COPY_PHASE_STRIP = NO;
				DEBUG_INFORMATION_FORMAT = "dwarf-with-dsym";
				ENABLE_NS_ASSERTIONS = NO;
				ENABLE_STRICT_OBJC_MSGSEND = YES;
				GCC_C_LANGUAGE_STANDARD = gnu11;
				GCC_NO_COMMON_BLOCKS = YES;
				GCC_WARN_64_TO_32_BIT_CONVERSION = YES;
				GCC_WARN_ABOUT_RETURN_TYPE = YES_ERROR;
				GCC_WARN_UNDECLARED_SELECTOR = YES;
				GCC_WARN_UNINITIALIZED_AUTOS = YES_AGGRESSIVE;
				GCC_WARN_UNUSED_FUNCTION = YES;
				GCC_WARN_UNUSED_VARIABLE = YES;
				IPHONEOS_DEPLOYMENT_TARGET = 16.2;
				MTL_ENABLE_DEBUG_INFO = NO;
				MTL_FAST_MATH = YES;
				SDKROOT = iphoneos;
				SWIFT_COMPILATION_MODE = wholemodule;
				SWIFT_OPTIMIZATION_LEVEL = "-O";
				VALIDATE_PRODUCT = YES;
			};
			name = Release;
		};
		AC64E31029E564970069F974 /* Debug */ = {
			isa = XCBuildConfiguration;
			baseConfigurationReference = FA09CE8B92DA482C65570C72 /* Pods-Maket.debug.xcconfig */;
			buildSettings = {
				ASSETCATALOG_COMPILER_APPICON_NAME = AppIcon;
				ASSETCATALOG_COMPILER_GLOBAL_ACCENT_COLOR_NAME = AccentColor;
				CODE_SIGN_STYLE = Automatic;
				CURRENT_PROJECT_VERSION = 1;
				DEVELOPMENT_ASSET_PATHS = "\"Maket/Preview Content\"";
				DEVELOPMENT_TEAM = R8Q96AG2X9;
				ENABLE_PREVIEWS = YES;
				GENERATE_INFOPLIST_FILE = YES;
				INFOPLIST_KEY_UIApplicationSceneManifest_Generation = YES;
				INFOPLIST_KEY_UIApplicationSupportsIndirectInputEvents = YES;
				INFOPLIST_KEY_UILaunchScreen_Generation = YES;
				INFOPLIST_KEY_UISupportedInterfaceOrientations_iPad = "UIInterfaceOrientationPortrait UIInterfaceOrientationPortraitUpsideDown UIInterfaceOrientationLandscapeLeft UIInterfaceOrientationLandscapeRight";
				INFOPLIST_KEY_UISupportedInterfaceOrientations_iPhone = "UIInterfaceOrientationPortrait UIInterfaceOrientationLandscapeLeft UIInterfaceOrientationLandscapeRight";
				LD_RUNPATH_SEARCH_PATHS = (
					"$(inherited)",
					"@executable_path/Frameworks",
				);
				MARKETING_VERSION = 1.0;
				PRODUCT_BUNDLE_IDENTIFIER = "norina-sofia.Maket";
				PRODUCT_NAME = "$(TARGET_NAME)";
				SUPPORTED_PLATFORMS = "iphoneos iphonesimulator";
				SUPPORTS_MACCATALYST = NO;
				SUPPORTS_MAC_DESIGNED_FOR_IPHONE_IPAD = NO;
				SWIFT_EMIT_LOC_STRINGS = YES;
				SWIFT_VERSION = 5.0;
				TARGETED_DEVICE_FAMILY = 1;
			};
			name = Debug;
		};
		AC64E31129E564970069F974 /* Release */ = {
			isa = XCBuildConfiguration;
			baseConfigurationReference = 20B130F7411430F69B09C0B9 /* Pods-Maket.release.xcconfig */;
			buildSettings = {
				ASSETCATALOG_COMPILER_APPICON_NAME = AppIcon;
				ASSETCATALOG_COMPILER_GLOBAL_ACCENT_COLOR_NAME = AccentColor;
				CODE_SIGN_STYLE = Automatic;
				CURRENT_PROJECT_VERSION = 1;
				DEVELOPMENT_ASSET_PATHS = "\"Maket/Preview Content\"";
				DEVELOPMENT_TEAM = R8Q96AG2X9;
				ENABLE_PREVIEWS = YES;
				GENERATE_INFOPLIST_FILE = YES;
				INFOPLIST_KEY_UIApplicationSceneManifest_Generation = YES;
				INFOPLIST_KEY_UIApplicationSupportsIndirectInputEvents = YES;
				INFOPLIST_KEY_UILaunchScreen_Generation = YES;
				INFOPLIST_KEY_UISupportedInterfaceOrientations_iPad = "UIInterfaceOrientationPortrait UIInterfaceOrientationPortraitUpsideDown UIInterfaceOrientationLandscapeLeft UIInterfaceOrientationLandscapeRight";
				INFOPLIST_KEY_UISupportedInterfaceOrientations_iPhone = "UIInterfaceOrientationPortrait UIInterfaceOrientationLandscapeLeft UIInterfaceOrientationLandscapeRight";
				LD_RUNPATH_SEARCH_PATHS = (
					"$(inherited)",
					"@executable_path/Frameworks",
				);
				MARKETING_VERSION = 1.0;
				PRODUCT_BUNDLE_IDENTIFIER = "norina-sofia.Maket";
				PRODUCT_NAME = "$(TARGET_NAME)";
				SUPPORTED_PLATFORMS = "iphoneos iphonesimulator";
				SUPPORTS_MACCATALYST = NO;
				SUPPORTS_MAC_DESIGNED_FOR_IPHONE_IPAD = NO;
				SWIFT_EMIT_LOC_STRINGS = YES;
				SWIFT_VERSION = 5.0;
				TARGETED_DEVICE_FAMILY = 1;
			};
			name = Release;
		};
/* End XCBuildConfiguration section */

/* Begin XCConfigurationList section */
		AC64E2FC29E564960069F974 /* Build configuration list for PBXProject "Maket" */ = {
			isa = XCConfigurationList;
			buildConfigurations = (
				AC64E30D29E564970069F974 /* Debug */,
				AC64E30E29E564970069F974 /* Release */,
			);
			defaultConfigurationIsVisible = 0;
			defaultConfigurationName = Release;
		};
		AC64E30F29E564970069F974 /* Build configuration list for PBXNativeTarget "Maket" */ = {
			isa = XCConfigurationList;
			buildConfigurations = (
				AC64E31029E564970069F974 /* Debug */,
				AC64E31129E564970069F974 /* Release */,
			);
			defaultConfigurationIsVisible = 0;
			defaultConfigurationName = Release;
		};
/* End XCConfigurationList section */
	};
	rootObject = AC64E2F929E564960069F974 /* Project object */;
}
